{
  "name": "Node.js",
  "version": "1.0.0",
  "lockfileVersion": 3,
  "requires": true,
  "packages": {
    "": {
      "name": "Node.js",
      "version": "1.0.0",
      "license": "ISC",
      "workspaces": [
        "task-tracker-cli"
      ]
    },
    "node_modules/task-tracker-cli": {
      "resolved": "task-tracker-cli",
      "link": true
    },
    "task-tracker-cli": {
      "version": "1.0.0",
      "license": "ISC",
      "bin": {
        "task-tracker-cli": "bin/index.js"
      }
    }
  }
}
